// !$*UTF8*$!
{
	archiveVersion = 1;
	classes = {
	};
	objectVersion = 50;
	objects = {

/* Begin PBXBuildFile section */
		7644792B23E651110020F99E /* AppDelegate.swift in Sources */ = {isa = PBXBuildFile; fileRef = 7644792A23E651110020F99E /* AppDelegate.swift */; };
		7644792D23E651110020F99E /* SceneDelegate.swift in Sources */ = {isa = PBXBuildFile; fileRef = 7644792C23E651110020F99E /* SceneDelegate.swift */; };
		7644792F23E651110020F99E /* GalleryController.swift in Sources */ = {isa = PBXBuildFile; fileRef = 7644792E23E651110020F99E /* GalleryController.swift */; };
		7644793223E651110020F99E /* Main.storyboard in Resources */ = {isa = PBXBuildFile; fileRef = 7644793023E651110020F99E /* Main.storyboard */; };
		7644793423E651150020F99E /* Assets.xcassets in Resources */ = {isa = PBXBuildFile; fileRef = 7644793323E651150020F99E /* Assets.xcassets */; };
		7644793723E651150020F99E /* LaunchScreen.storyboard in Resources */ = {isa = PBXBuildFile; fileRef = 7644793523E651150020F99E /* LaunchScreen.storyboard */; };
		7644794423E662150020F99E /* PhotoCell.swift in Sources */ = {isa = PBXBuildFile; fileRef = 7644794223E662150020F99E /* PhotoCell.swift */; };
		7644794523E662150020F99E /* PhotoCell.xib in Resources */ = {isa = PBXBuildFile; fileRef = 7644794323E662150020F99E /* PhotoCell.xib */; };
		7644794723E667B90020F99E /* Photo.swift in Sources */ = {isa = PBXBuildFile; fileRef = 7644794623E667B90020F99E /* Photo.swift */; };
		7644794A23E66D400020F99E /* NetworkService.swift in Sources */ = {isa = PBXBuildFile; fileRef = 7644794923E66D400020F99E /* NetworkService.swift */; };
		7644794C23E672CE0020F99E /* CustomImageView.swift in Sources */ = {isa = PBXBuildFile; fileRef = 7644794B23E672CE0020F99E /* CustomImageView.swift */; };
		7644794E23E7221E0020F99E /* PhotoDetailController.swift in Sources */ = {isa = PBXBuildFile; fileRef = 7644794D23E7221E0020F99E /* PhotoDetailController.swift */; };
		7644795023E7229C0020F99E /* UIView+Anchor.swift in Sources */ = {isa = PBXBuildFile; fileRef = 7644794F23E7229C0020F99E /* UIView+Anchor.swift */; };
		7644795223E722EA0020F99E /* UIColor+Theme.swift in Sources */ = {isa = PBXBuildFile; fileRef = 7644795123E722EA0020F99E /* UIColor+Theme.swift */; };
		7644795423E723900020F99E /* UIObject+Convenience.swift in Sources */ = {isa = PBXBuildFile; fileRef = 7644795323E723900020F99E /* UIObject+Convenience.swift */; };
/* End PBXBuildFile section */

/* Begin PBXFileReference section */
		7644792723E651110020F99E /* ImageSearch.app */ = {isa = PBXFileReference; explicitFileType = wrapper.application; includeInIndex = 0; path = ImageSearch.app; sourceTree = BUILT_PRODUCTS_DIR; };
		7644792A23E651110020F99E /* AppDelegate.swift */ = {isa = PBXFileReference; lastKnownFileType = sourcecode.swift; path = AppDelegate.swift; sourceTree = "<group>"; };
		7644792C23E651110020F99E /* SceneDelegate.swift */ = {isa = PBXFileReference; lastKnownFileType = sourcecode.swift; path = SceneDelegate.swift; sourceTree = "<group>"; };
		7644792E23E651110020F99E /* GalleryController.swift */ = {isa = PBXFileReference; lastKnownFileType = sourcecode.swift; path = GalleryController.swift; sourceTree = "<group>"; };
		7644793123E651110020F99E /* Base */ = {isa = PBXFileReference; lastKnownFileType = file.storyboard; name = Base; path = Base.lproj/Main.storyboard; sourceTree = "<group>"; };
		7644793323E651150020F99E /* Assets.xcassets */ = {isa = PBXFileReference; lastKnownFileType = folder.assetcatalog; path = Assets.xcassets; sourceTree = "<group>"; };
		7644793623E651150020F99E /* Base */ = {isa = PBXFileReference; lastKnownFileType = file.storyboard; name = Base; path = Base.lproj/LaunchScreen.storyboard; sourceTree = "<group>"; };
		7644793823E651150020F99E /* Info.plist */ = {isa = PBXFileReference; lastKnownFileType = text.plist.xml; path = Info.plist; sourceTree = "<group>"; };
		7644794223E662150020F99E /* PhotoCell.swift */ = {isa = PBXFileReference; lastKnownFileType = sourcecode.swift; path = PhotoCell.swift; sourceTree = "<group>"; };
		7644794323E662150020F99E /* PhotoCell.xib */ = {isa = PBXFileReference; lastKnownFileType = file.xib; path = PhotoCell.xib; sourceTree = "<group>"; };
		7644794623E667B90020F99E /* Photo.swift */ = {isa = PBXFileReference; lastKnownFileType = sourcecode.swift; path = Photo.swift; sourceTree = "<group>"; };
		7644794923E66D400020F99E /* NetworkService.swift */ = {isa = PBXFileReference; lastKnownFileType = sourcecode.swift; path = NetworkService.swift; sourceTree = "<group>"; };
		7644794B23E672CE0020F99E /* CustomImageView.swift */ = {isa = PBXFileReference; lastKnownFileType = sourcecode.swift; path = CustomImageView.swift; sourceTree = "<group>"; };
		7644794D23E7221E0020F99E /* PhotoDetailController.swift */ = {isa = PBXFileReference; lastKnownFileType = sourcecode.swift; path = PhotoDetailController.swift; sourceTree = "<group>"; };
		7644794F23E7229C0020F99E /* UIView+Anchor.swift */ = {isa = PBXFileReference; lastKnownFileType = sourcecode.swift; path = "UIView+Anchor.swift"; sourceTree = "<group>"; };
		7644795123E722EA0020F99E /* UIColor+Theme.swift */ = {isa = PBXFileReference; lastKnownFileType = sourcecode.swift; path = "UIColor+Theme.swift"; sourceTree = "<group>"; };
		7644795323E723900020F99E /* UIObject+Convenience.swift */ = {isa = PBXFileReference; lastKnownFileType = sourcecode.swift; path = "UIObject+Convenience.swift"; sourceTree = "<group>"; };
/* End PBXFileReference section */

/* Begin PBXFrameworksBuildPhase section */
		7644792423E651110020F99E /* Frameworks */ = {
			isa = PBXFrameworksBuildPhase;
			buildActionMask = 2147483647;
			files = (
			);
			runOnlyForDeploymentPostprocessing = 0;
		};
/* End PBXFrameworksBuildPhase section */

/* Begin PBXGroup section */
		7644791E23E651110020F99E = {
			isa = PBXGroup;
			children = (
				7644792923E651110020F99E /* ImageSearch */,
				7644792823E651110020F99E /* Products */,
			);
			sourceTree = "<group>";
		};
		7644792823E651110020F99E /* Products */ = {
			isa = PBXGroup;
			children = (
				7644792723E651110020F99E /* ImageSearch.app */,
			);
			name = Products;
			sourceTree = "<group>";
		};
		7644792923E651110020F99E /* ImageSearch */ = {
			isa = PBXGroup;
			children = (
				7644794823E66D2B0020F99E /* Utilities */,
				7644794023E661880020F99E /* Model */,
				7644793F23E661830020F99E /* View */,
				7644793E23E6617B0020F99E /* Controller */,
				7644792A23E651110020F99E /* AppDelegate.swift */,
				7644792C23E651110020F99E /* SceneDelegate.swift */,
				7644793023E651110020F99E /* Main.storyboard */,
				7644793323E651150020F99E /* Assets.xcassets */,
				7644793523E651150020F99E /* LaunchScreen.storyboard */,
				7644793823E651150020F99E /* Info.plist */,
			);
			path = ImageSearch;
			sourceTree = "<group>";
		};
		7644793E23E6617B0020F99E /* Controller */ = {
			isa = PBXGroup;
			children = (
				7644792E23E651110020F99E /* GalleryController.swift */,
				7644794D23E7221E0020F99E /* PhotoDetailController.swift */,
			);
			path = Controller;
			sourceTree = "<group>";
		};
		7644793F23E661830020F99E /* View */ = {
			isa = PBXGroup;
			children = (
				7644794B23E672CE0020F99E /* CustomImageView.swift */,
				7644794223E662150020F99E /* PhotoCell.swift */,
				7644794323E662150020F99E /* PhotoCell.xib */,
			);
			path = View;
			sourceTree = "<group>";
		};
		7644794023E661880020F99E /* Model */ = {
			isa = PBXGroup;
			children = (
				7644794623E667B90020F99E /* Photo.swift */,
			);
			path = Model;
			sourceTree = "<group>";
		};
		7644794823E66D2B0020F99E /* Utilities */ = {
			isa = PBXGroup;
			children = (
				7644795523E724340020F99E /* Extensions */,
				7644794923E66D400020F99E /* NetworkService.swift */,
			);
			path = Utilities;
			sourceTree = "<group>";
		};
		7644795523E724340020F99E /* Extensions */ = {
			isa = PBXGroup;
			children = (
				7644794F23E7229C0020F99E /* UIView+Anchor.swift */,
				7644795123E722EA0020F99E /* UIColor+Theme.swift */,
				7644795323E723900020F99E /* UIObject+Convenience.swift */,
			);
			path = Extensions;
			sourceTree = "<group>";
		};
/* End PBXGroup section */

/* Begin PBXNativeTarget section */
		7644792623E651110020F99E /* ImageSearch */ = {
			isa = PBXNativeTarget;
			buildConfigurationList = 7644793B23E651150020F99E /* Build configuration list for PBXNativeTarget "ImageSearch" */;
			buildPhases = (
				7644792323E651110020F99E /* Sources */,
				7644792423E651110020F99E /* Frameworks */,
				7644792523E651110020F99E /* Resources */,
			);
			buildRules = (
			);
			dependencies = (
			);
			name = ImageSearch;
			productName = ImageSearch;
			productReference = 7644792723E651110020F99E /* ImageSearch.app */;
			productType = "com.apple.product-type.application";
		};
/* End PBXNativeTarget section */

/* Begin PBXProject section */
		7644791F23E651110020F99E /* Project object */ = {
			isa = PBXProject;
			attributes = {
				LastSwiftUpdateCheck = 1130;
				LastUpgradeCheck = 1130;
				ORGANIZATIONNAME = "Joshua Geronimo";
				TargetAttributes = {
					7644792623E651110020F99E = {
						CreatedOnToolsVersion = 11.3.1;
					};
				};
			};
			buildConfigurationList = 7644792223E651110020F99E /* Build configuration list for PBXProject "ImageSearch" */;
			compatibilityVersion = "Xcode 9.3";
			developmentRegion = en;
			hasScannedForEncodings = 0;
			knownRegions = (
				en,
				Base,
			);
			mainGroup = 7644791E23E651110020F99E;
			productRefGroup = 7644792823E651110020F99E /* Products */;
			projectDirPath = "";
			projectRoot = "";
			targets = (
				7644792623E651110020F99E /* ImageSearch */,
			);
		};
/* End PBXProject section */

/* Begin PBXResourcesBuildPhase section */
		7644792523E651110020F99E /* Resources */ = {
			isa = PBXResourcesBuildPhase;
			buildActionMask = 2147483647;
			files = (
				7644794523E662150020F99E /* PhotoCell.xib in Resources */,
				7644793723E651150020F99E /* LaunchScreen.storyboard in Resources */,
				7644793423E651150020F99E /* Assets.xcassets in Resources */,
				7644793223E651110020F99E /* Main.storyboard in Resources */,
			);
			runOnlyForDeploymentPostprocessing = 0;
		};
/* End PBXResourcesBuildPhase section */

/* Begin PBXSourcesBuildPhase section */
		7644792323E651110020F99E /* Sources */ = {
			isa = PBXSourcesBuildPhase;
			buildActionMask = 2147483647;
			files = (
				7644794423E662150020F99E /* PhotoCell.swift in Sources */,
				7644795423E723900020F99E /* UIObject+Convenience.swift in Sources */,
				7644792F23E651110020F99E /* GalleryController.swift in Sources */,
				7644792B23E651110020F99E /* AppDelegate.swift in Sources */,
				7644794C23E672CE0020F99E /* CustomImageView.swift in Sources */,
				7644792D23E651110020F99E /* SceneDelegate.swift in Sources */,
				7644795223E722EA0020F99E /* UIColor+Theme.swift in Sources */,
				7644794A23E66D400020F99E /* NetworkService.swift in Sources */,
				7644794723E667B90020F99E /* Photo.swift in Sources */,
				7644794E23E7221E0020F99E /* PhotoDetailController.swift in Sources */,
				7644795023E7229C0020F99E /* UIView+Anchor.swift in Sources */,
			);
			runOnlyForDeploymentPostprocessing = 0;
		};
/* End PBXSourcesBuildPhase section */

/* Begin PBXVariantGroup section */
		7644793023E651110020F99E /* Main.storyboard */ = {
			isa = PBXVariantGroup;
			children = (
				7644793123E651110020F99E /* Base */,
			);
			name = Main.storyboard;
			sourceTree = "<group>";
		};
		7644793523E651150020F99E /* LaunchScreen.storyboard */ = {
			isa = PBXVariantGroup;
			children = (
				7644793623E651150020F99E /* Base */,
			);
			name = LaunchScreen.storyboard;
			sourceTree = "<group>";
		};
/* End PBXVariantGroup section */

/* Begin XCBuildConfiguration section */
		7644793923E651150020F99E /* Debug */ = {
			isa = XCBuildConfiguration;
			buildSettings = {
				ALWAYS_SEARCH_USER_PATHS = NO;
				CLANG_ANALYZER_NONNULL = YES;
				CLANG_ANALYZER_NUMBER_OBJECT_CONVERSION = YES_AGGRESSIVE;
				CLANG_CXX_LANGUAGE_STANDARD = "gnu++14";
				CLANG_CXX_LIBRARY = "libc++";
				CLANG_ENABLE_MODULES = YES;
				CLANG_ENABLE_OBJC_ARC = YES;
				CLANG_ENABLE_OBJC_WEAK = YES;
				CLANG_WARN_BLOCK_CAPTURE_AUTORELEASING = YES;
				CLANG_WARN_BOOL_CONVERSION = YES;
				CLANG_WARN_COMMA = YES;
				CLANG_WARN_CONSTANT_CONVERSION = YES;
				CLANG_WARN_DEPRECATED_OBJC_IMPLEMENTATIONS = YES;
				CLANG_WARN_DIRECT_OBJC_ISA_USAGE = YES_ERROR;
				CLANG_WARN_DOCUMENTATION_COMMENTS = YES;
				CLANG_WARN_EMPTY_BODY = YES;
				CLANG_WARN_ENUM_CONVERSION = YES;
				CLANG_WARN_INFINITE_RECURSION = YES;
				CLANG_WARN_INT_CONVERSION = YES;
				CLANG_WARN_NON_LITERAL_NULL_CONVERSION = YES;
				CLANG_WARN_OBJC_IMPLICIT_RETAIN_SELF = YES;
				CLANG_WARN_OBJC_LITERAL_CONVERSION = YES;
				CLANG_WARN_OBJC_ROOT_CLASS = YES_ERROR;
				CLANG_WARN_RANGE_LOOP_ANALYSIS = YES;
				CLANG_WARN_STRICT_PROTOTYPES = YES;
				CLANG_WARN_SUSPICIOUS_MOVE = YES;
				CLANG_WARN_UNGUARDED_AVAILABILITY = YES_AGGRESSIVE;
				CLANG_WARN_UNREACHABLE_CODE = YES;
				CLANG_WARN__DUPLICATE_METHOD_MATCH = YES;
				COPY_PHASE_STRIP = NO;
				DEBUG_INFORMATION_FORMAT = dwarf;
				ENABLE_STRICT_OBJC_MSGSEND = YES;
				ENABLE_TESTABILITY = YES;
				GCC_C_LANGUAGE_STANDARD = gnu11;
				GCC_DYNAMIC_NO_PIC = NO;
				GCC_NO_COMMON_BLOCKS = YES;
				GCC_OPTIMIZATION_LEVEL = 0;
				GCC_PREPROCESSOR_DEFINITIONS = (
					"DEBUG=1",
					"$(inherited)",
				);
				GCC_WARN_64_TO_32_BIT_CONVERSION = YES;
				GCC_WARN_ABOUT_RETURN_TYPE = YES_ERROR;
				GCC_WARN_UNDECLARED_SELECTOR = YES;
				GCC_WARN_UNINITIALIZED_AUTOS = YES_AGGRESSIVE;
				GCC_WARN_UNUSED_FUNCTION = YES;
				GCC_WARN_UNUSED_VARIABLE = YES;
				IPHONEOS_DEPLOYMENT_TARGET = 13.2;
				MTL_ENABLE_DEBUG_INFO = INCLUDE_SOURCE;
				MTL_FAST_MATH = YES;
				ONLY_ACTIVE_ARCH = YES;
				SDKROOT = iphoneos;
				SWIFT_ACTIVE_COMPILATION_CONDITIONS = DEBUG;
				SWIFT_OPTIMIZATION_LEVEL = "-Onone";
			};
			name = Debug;
		};
		7644793A23E651150020F99E /* Release */ = {
			isa = XCBuildConfiguration;
			buildSettings = {
				ALWAYS_SEARCH_USER_PATHS = NO;
				CLANG_ANALYZER_NONNULL = YES;
				CLANG_ANALYZER_NUMBER_OBJECT_CONVERSION = YES_AGGRESSIVE;
				CLANG_CXX_LANGUAGE_STANDARD = "gnu++14";
				CLANG_CXX_LIBRARY = "libc++";
				CLANG_ENABLE_MODULES = YES;
				CLANG_ENABLE_OBJC_ARC = YES;
				CLANG_ENABLE_OBJC_WEAK = YES;
				CLANG_WARN_BLOCK_CAPTURE_AUTORELEASING = YES;
				CLANG_WARN_BOOL_CONVERSION = YES;
				CLANG_WARN_COMMA = YES;
				CLANG_WARN_CONSTANT_CONVERSION = YES;
				CLANG_WARN_DEPRECATED_OBJC_IMPLEMENTATIONS = YES;
				CLANG_WARN_DIRECT_OBJC_ISA_USAGE = YES_ERROR;
				CLANG_WARN_DOCUMENTATION_COMMENTS = YES;
				CLANG_WARN_EMPTY_BODY = YES;
				CLANG_WARN_ENUM_CONVERSION = YES;
				CLANG_WARN_INFINITE_RECURSION = YES;
				CLANG_WARN_INT_CONVERSION = YES;
				CLANG_WARN_NON_LITERAL_NULL_CONVERSION = YES;
				CLANG_WARN_OBJC_IMPLICIT_RETAIN_SELF = YES;
				CLANG_WARN_OBJC_LITERAL_CONVERSION = YES;
				CLANG_WARN_OBJC_ROOT_CLASS = YES_ERROR;
				CLANG_WARN_RANGE_LOOP_ANALYSIS = YES;
				CLANG_WARN_STRICT_PROTOTYPES = YES;
				CLANG_WARN_SUSPICIOUS_MOVE = YES;
				CLANG_WARN_UNGUARDED_AVAILABILITY = YES_AGGRESSIVE;
				CLANG_WARN_UNREACHABLE_CODE = YES;
				CLANG_WARN__DUPLICATE_METHOD_MATCH = YES;
				COPY_PHASE_STRIP = NO;
				DEBUG_INFORMATION_FORMAT = "dwarf-with-dsym";
				ENABLE_NS_ASSERTIONS = NO;
				ENABLE_STRICT_OBJC_MSGSEND = YES;
				GCC_C_LANGUAGE_STANDARD = gnu11;
				GCC_NO_COMMON_BLOCKS = YES;
				GCC_WARN_64_TO_32_BIT_CONVERSION = YES;
				GCC_WARN_ABOUT_RETURN_TYPE = YES_ERROR;
				GCC_WARN_UNDECLARED_SELECTOR = YES;
				GCC_WARN_UNINITIALIZED_AUTOS = YES_AGGRESSIVE;
				GCC_WARN_UNUSED_FUNCTION = YES;
				GCC_WARN_UNUSED_VARIABLE = YES;
				IPHONEOS_DEPLOYMENT_TARGET = 13.2;
				MTL_ENABLE_DEBUG_INFO = NO;
				MTL_FAST_MATH = YES;
				SDKROOT = iphoneos;
				SWIFT_COMPILATION_MODE = wholemodule;
				SWIFT_OPTIMIZATION_LEVEL = "-O";
				VALIDATE_PRODUCT = YES;
			};
			name = Release;
		};
		7644793C23E651150020F99E /* Debug */ = {
			isa = XCBuildConfiguration;
			buildSettings = {
				ASSETCATALOG_COMPILER_APPICON_NAME = AppIcon;
				CODE_SIGN_STYLE = Automatic;
				DEVELOPMENT_TEAM = 436Y3QLM8L;
				INFOPLIST_FILE = ImageSearch/Info.plist;
				LD_RUNPATH_SEARCH_PATHS = (
					"$(inherited)",
					"@executable_path/Frameworks",
				);
				PRODUCT_BUNDLE_IDENTIFIER = com.geronimoapp.ImageSearch;
				PRODUCT_NAME = "$(TARGET_NAME)";
				SWIFT_VERSION = 5.0;
				TARGETED_DEVICE_FAMILY = "1,2";
			};
			name = Debug;
		};
		7644793D23E651150020F99E /* Release */ = {
			isa = XCBuildConfiguration;
			buildSettings = {
				ASSETCATALOG_COMPILER_APPICON_NAME = AppIcon;
				CODE_SIGN_STYLE = Automatic;
				DEVELOPMENT_TEAM = 436Y3QLM8L;
				INFOPLIST_FILE = ImageSearch/Info.plist;
				LD_RUNPATH_SEARCH_PATHS = (
					"$(inherited)",
					"@executable_path/Frameworks",
				);
				PRODUCT_BUNDLE_IDENTIFIER = com.geronimoapp.ImageSearch;
				PRODUCT_NAME = "$(TARGET_NAME)";
				SWIFT_VERSION = 5.0;
				TARGETED_DEVICE_FAMILY = "1,2";
			};
			name = Release;
		};
/* End XCBuildConfiguration section */

/* Begin XCConfigurationList section */
		7644792223E651110020F99E /* Build configuration list for PBXProject "ImageSearch" */ = {
			isa = XCConfigurationList;
			buildConfigurations = (
				7644793923E651150020F99E /* Debug */,
				7644793A23E651150020F99E /* Release */,
			);
			defaultConfigurationIsVisible = 0;
			defaultConfigurationName = Release;
		};
		7644793B23E651150020F99E /* Build configuration list for PBXNativeTarget "ImageSearch" */ = {
			isa = XCConfigurationList;
			buildConfigurations = (
				7644793C23E651150020F99E /* Debug */,
				7644793D23E651150020F99E /* Release */,
			);
			defaultConfigurationIsVisible = 0;
			defaultConfigurationName = Release;
		};
/* End XCConfigurationList section */
	};
	rootObject = 7644791F23E651110020F99E /* Project object */;
}
